
Microsoft Visual Studio Solution File, Format Version 12.00
# Visual Studio 14
VisualStudioVersion = 14.0.25420.1
MinimumVisualStudioVersion = 10.0.40219.1
Project("{FAE04EC0-301F-11D3-BF4B-00C04F79EFBC}") = "KPLNET", "KPLNET\KPLNET.csproj", "{17147916-A1B8-43E5-9EFB-2D8F3E1881A5}"
EndProject
Project("{FAE04EC0-301F-11D3-BF4B-00C04F79EFBC}") = "KPLNETTest", "KPLNETTest\KPLNETTest.csproj", "{D273EBB9-9A3B-42BC-8AE0-8B6C8CB72FDD}"
EndProject
Project("{2150E333-8FDC-42A3-9474-1A3956D46DE8}") = ".nuget", ".nuget", "{0CBC45F8-6076-4232-87D0-D0CD3C4F17E6}"
	ProjectSection(SolutionItems) = preProject
		.nuget\NuGet.Config = .nuget\NuGet.Config
		.nuget\NuGet.exe = .nuget\NuGet.exe
		.nuget\NuGet.targets = .nuget\NuGet.targets
		.nuget\packages.config = .nuget\packages.config
	EndProjectSection
EndProject
Project("{FAE04EC0-301F-11D3-BF4B-00C04F79EFBC}") = "KPLNETClientInterface", "KPLNETClientInterface\KPLNETClientInterface.csproj", "{F06EE8D9-05CB-479B-A4B5-31C0B21CBCA2}"
EndProject
Project("{FAE04EC0-301F-11D3-BF4B-00C04F79EFBC}") = "KPLNETInterface", "KPLNETInterface\KPLNETInterface.csproj", "{A19D5B26-4EF1-4521-9E30-B10586D15242}"
EndProject
Project("{FAE04EC0-301F-11D3-BF4B-00C04F79EFBC}") = "HttpMachine", "HttpMachine\HttpMachine.csproj", "{76FB25C5-15B1-4541-8D19-D78790257C95}"
EndProject
Project("{FAE04EC0-301F-11D3-BF4B-00C04F79EFBC}") = "KinesisConsumerTest", "KinesisConsumerTest\KinesisConsumerTest.csproj", "{2B441075-C454-48B4-915F-634793FEF8FC}"
EndProject
Project("{2150E333-8FDC-42A3-9474-1A3956D46DE8}") = "LoadTests", "LoadTests", "{1C43B270-9F67-4882-992A-FB5E29B73B87}"
EndProject
Project("{2150E333-8FDC-42A3-9474-1A3956D46DE8}") = "UnitTests", "UnitTests", "{8CEC11A5-B7B7-4BED-8D88-F113695F9449}"
EndProject
Project("{2150E333-8FDC-42A3-9474-1A3956D46DE8}") = "ThirdParty", "ThirdParty", "{7A2E3D31-4968-4361-A50D-C3A5E20CED6E}"
EndProject
Project("{FAE04EC0-301F-11D3-BF4B-00C04F79EFBC}") = "KPLNETUnitTests", "KPLNETUnitTests\KPLNETUnitTests.csproj", "{9F939421-7D71-4C61-A5A8-DB5AE449125D}"
EndProject
Project("{FAE04EC0-301F-11D3-BF4B-00C04F79EFBC}") = "KPLNETDaemon", "KPLNETDaemon\KPLNETDaemon.csproj", "{4D13350E-E814-4BC1-8D94-B5A5C64297A0}"
EndProject
Global
	GlobalSection(SolutionConfigurationPlatforms) = preSolution
		Debug|Any CPU = Debug|Any CPU
		Debug|ARM = Debug|ARM
		Debug|x64 = Debug|x64
		Debug|x86 = Debug|x86
		Release|Any CPU = Release|Any CPU
		Release|ARM = Release|ARM
		Release|x64 = Release|x64
		Release|x86 = Release|x86
	EndGlobalSection
	GlobalSection(ProjectConfigurationPlatforms) = postSolution
		{17147916-A1B8-43E5-9EFB-2D8F3E1881A5}.Debug|Any CPU.ActiveCfg = Debug|Any CPU
		{17147916-A1B8-43E5-9EFB-2D8F3E1881A5}.Debug|Any CPU.Build.0 = Debug|Any CPU
		{17147916-A1B8-43E5-9EFB-2D8F3E1881A5}.Debug|ARM.ActiveCfg = Debug|Any CPU
		{17147916-A1B8-43E5-9EFB-2D8F3E1881A5}.Debug|x64.ActiveCfg = Debug|Any CPU
		{17147916-A1B8-43E5-9EFB-2D8F3E1881A5}.Debug|x86.ActiveCfg = Debug|Any CPU
		{17147916-A1B8-43E5-9EFB-2D8F3E1881A5}.Release|Any CPU.ActiveCfg = Release|Any CPU
		{17147916-A1B8-43E5-9EFB-2D8F3E1881A5}.Release|Any CPU.Build.0 = Release|Any CPU
		{17147916-A1B8-43E5-9EFB-2D8F3E1881A5}.Release|ARM.ActiveCfg = Release|Any CPU
		{17147916-A1B8-43E5-9EFB-2D8F3E1881A5}.Release|x64.ActiveCfg = Release|Any CPU
		{17147916-A1B8-43E5-9EFB-2D8F3E1881A5}.Release|x86.ActiveCfg = Release|Any CPU
		{D273EBB9-9A3B-42BC-8AE0-8B6C8CB72FDD}.Debug|Any CPU.ActiveCfg = Debug|Any CPU
		{D273EBB9-9A3B-42BC-8AE0-8B6C8CB72FDD}.Debug|Any CPU.Build.0 = Debug|Any CPU
		{D273EBB9-9A3B-42BC-8AE0-8B6C8CB72FDD}.Debug|ARM.ActiveCfg = Debug|Any CPU
		{D273EBB9-9A3B-42BC-8AE0-8B6C8CB72FDD}.Debug|x64.ActiveCfg = Debug|Any CPU
		{D273EBB9-9A3B-42BC-8AE0-8B6C8CB72FDD}.Debug|x86.ActiveCfg = Debug|Any CPU
		{D273EBB9-9A3B-42BC-8AE0-8B6C8CB72FDD}.Release|Any CPU.ActiveCfg = Release|Any CPU
		{D273EBB9-9A3B-42BC-8AE0-8B6C8CB72FDD}.Release|Any CPU.Build.0 = Release|Any CPU
		{D273EBB9-9A3B-42BC-8AE0-8B6C8CB72FDD}.Release|ARM.ActiveCfg = Release|Any CPU
		{D273EBB9-9A3B-42BC-8AE0-8B6C8CB72FDD}.Release|x64.ActiveCfg = Release|Any CPU
		{D273EBB9-9A3B-42BC-8AE0-8B6C8CB72FDD}.Release|x86.ActiveCfg = Release|Any CPU
		{F06EE8D9-05CB-479B-A4B5-31C0B21CBCA2}.Debug|Any CPU.ActiveCfg = Debug|Any CPU
		{F06EE8D9-05CB-479B-A4B5-31C0B21CBCA2}.Debug|Any CPU.Build.0 = Debug|Any CPU
		{F06EE8D9-05CB-479B-A4B5-31C0B21CBCA2}.Debug|ARM.ActiveCfg = Debug|Any CPU
		{F06EE8D9-05CB-479B-A4B5-31C0B21CBCA2}.Debug|x64.ActiveCfg = Debug|Any CPU
		{F06EE8D9-05CB-479B-A4B5-31C0B21CBCA2}.Debug|x86.ActiveCfg = Debug|Any CPU
		{F06EE8D9-05CB-479B-A4B5-31C0B21CBCA2}.Release|Any CPU.ActiveCfg = Release|Any CPU
		{F06EE8D9-05CB-479B-A4B5-31C0B21CBCA2}.Release|Any CPU.Build.0 = Release|Any CPU
		{F06EE8D9-05CB-479B-A4B5-31C0B21CBCA2}.Release|ARM.ActiveCfg = Release|Any CPU
		{F06EE8D9-05CB-479B-A4B5-31C0B21CBCA2}.Release|x64.ActiveCfg = Release|Any CPU
		{F06EE8D9-05CB-479B-A4B5-31C0B21CBCA2}.Release|x86.ActiveCfg = Release|Any CPU
		{A19D5B26-4EF1-4521-9E30-B10586D15242}.Debug|Any CPU.ActiveCfg = Debug|Any CPU
		{A19D5B26-4EF1-4521-9E30-B10586D15242}.Debug|Any CPU.Build.0 = Debug|Any CPU
		{A19D5B26-4EF1-4521-9E30-B10586D15242}.Debug|ARM.ActiveCfg = Debug|Any CPU
		{A19D5B26-4EF1-4521-9E30-B10586D15242}.Debug|x64.ActiveCfg = Debug|Any CPU
		{A19D5B26-4EF1-4521-9E30-B10586D15242}.Debug|x86.ActiveCfg = Debug|Any CPU
		{A19D5B26-4EF1-4521-9E30-B10586D15242}.Release|Any CPU.ActiveCfg = Release|Any CPU
		{A19D5B26-4EF1-4521-9E30-B10586D15242}.Release|Any CPU.Build.0 = Release|Any CPU
		{A19D5B26-4EF1-4521-9E30-B10586D15242}.Release|ARM.ActiveCfg = Release|Any CPU
		{A19D5B26-4EF1-4521-9E30-B10586D15242}.Release|x64.ActiveCfg = Release|Any CPU
		{A19D5B26-4EF1-4521-9E30-B10586D15242}.Release|x86.ActiveCfg = Release|Any CPU
		{76FB25C5-15B1-4541-8D19-D78790257C95}.Debug|Any CPU.ActiveCfg = Debug|Any CPU
		{76FB25C5-15B1-4541-8D19-D78790257C95}.Debug|Any CPU.Build.0 = Debug|Any CPU
		{76FB25C5-15B1-4541-8D19-D78790257C95}.Debug|ARM.ActiveCfg = Debug|Any CPU
		{76FB25C5-15B1-4541-8D19-D78790257C95}.Debug|x64.ActiveCfg = Debug|Any CPU
		{76FB25C5-15B1-4541-8D19-D78790257C95}.Debug|x86.ActiveCfg = Debug|Any CPU
		{76FB25C5-15B1-4541-8D19-D78790257C95}.Release|Any CPU.ActiveCfg = Release|Any CPU
		{76FB25C5-15B1-4541-8D19-D78790257C95}.Release|Any CPU.Build.0 = Release|Any CPU
		{76FB25C5-15B1-4541-8D19-D78790257C95}.Release|ARM.ActiveCfg = Release|Any CPU
		{76FB25C5-15B1-4541-8D19-D78790257C95}.Release|x64.ActiveCfg = Release|Any CPU
		{76FB25C5-15B1-4541-8D19-D78790257C95}.Release|x86.ActiveCfg = Release|Any CPU
		{2B441075-C454-48B4-915F-634793FEF8FC}.Debug|Any CPU.ActiveCfg = Debug|Any CPU
		{2B441075-C454-48B4-915F-634793FEF8FC}.Debug|Any CPU.Build.0 = Debug|Any CPU
		{2B441075-C454-48B4-915F-634793FEF8FC}.Debug|ARM.ActiveCfg = Debug|Any CPU
		{2B441075-C454-48B4-915F-634793FEF8FC}.Debug|x64.ActiveCfg = Debug|Any CPU
		{2B441075-C454-48B4-915F-634793FEF8FC}.Debug|x86.ActiveCfg = Debug|Any CPU
		{2B441075-C454-48B4-915F-634793FEF8FC}.Release|Any CPU.ActiveCfg = Release|Any CPU
		{2B441075-C454-48B4-915F-634793FEF8FC}.Release|Any CPU.Build.0 = Release|Any CPU
		{2B441075-C454-48B4-915F-634793FEF8FC}.Release|ARM.ActiveCfg = Release|Any CPU
		{2B441075-C454-48B4-915F-634793FEF8FC}.Release|x64.ActiveCfg = Release|Any CPU
		{2B441075-C454-48B4-915F-634793FEF8FC}.Release|x86.ActiveCfg = Release|Any CPU
		{9F939421-7D71-4C61-A5A8-DB5AE449125D}.Debug|Any CPU.ActiveCfg = Debug|Any CPU
		{9F939421-7D71-4C61-A5A8-DB5AE449125D}.Debug|Any CPU.Build.0 = Debug|Any CPU
		{9F939421-7D71-4C61-A5A8-DB5AE449125D}.Debug|ARM.ActiveCfg = Debug|Any CPU
		{9F939421-7D71-4C61-A5A8-DB5AE449125D}.Debug|x64.ActiveCfg = Debug|Any CPU
		{9F939421-7D71-4C61-A5A8-DB5AE449125D}.Debug|x86.ActiveCfg = Debug|Any CPU
		{9F939421-7D71-4C61-A5A8-DB5AE449125D}.Release|Any CPU.ActiveCfg = Release|Any CPU
		{9F939421-7D71-4C61-A5A8-DB5AE449125D}.Release|Any CPU.Build.0 = Release|Any CPU
		{9F939421-7D71-4C61-A5A8-DB5AE449125D}.Release|ARM.ActiveCfg = Release|Any CPU
		{9F939421-7D71-4C61-A5A8-DB5AE449125D}.Release|x64.ActiveCfg = Release|Any CPU
		{9F939421-7D71-4C61-A5A8-DB5AE449125D}.Release|x86.ActiveCfg = Release|Any CPU
		{4D13350E-E814-4BC1-8D94-B5A5C64297A0}.Debug|Any CPU.ActiveCfg = Debug|Any CPU
		{4D13350E-E814-4BC1-8D94-B5A5C64297A0}.Debug|Any CPU.Build.0 = Debug|Any CPU
		{4D13350E-E814-4BC1-8D94-B5A5C64297A0}.Debug|ARM.ActiveCfg = Debug|Any CPU
		{4D13350E-E814-4BC1-8D94-B5A5C64297A0}.Debug|ARM.Build.0 = Debug|Any CPU
		{4D13350E-E814-4BC1-8D94-B5A5C64297A0}.Debug|x64.ActiveCfg = Debug|Any CPU
		{4D13350E-E814-4BC1-8D94-B5A5C64297A0}.Debug|x64.Build.0 = Debug|Any CPU
		{4D13350E-E814-4BC1-8D94-B5A5C64297A0}.Debug|x86.ActiveCfg = Debug|Any CPU
		{4D13350E-E814-4BC1-8D94-B5A5C64297A0}.Debug|x86.Build.0 = Debug|Any CPU
		{4D13350E-E814-4BC1-8D94-B5A5C64297A0}.Release|Any CPU.ActiveCfg = Release|Any CPU
		{4D13350E-E814-4BC1-8D94-B5A5C64297A0}.Release|Any CPU.Build.0 = Release|Any CPU
		{4D13350E-E814-4BC1-8D94-B5A5C64297A0}.Release|ARM.ActiveCfg = Release|Any CPU
		{4D13350E-E814-4BC1-8D94-B5A5C64297A0}.Release|ARM.Build.0 = Release|Any CPU
		{4D13350E-E814-4BC1-8D94-B5A5C64297A0}.Release|x64.ActiveCfg = Release|Any CPU
		{4D13350E-E814-4BC1-8D94-B5A5C64297A0}.Release|x64.Build.0 = Release|Any CPU
		{4D13350E-E814-4BC1-8D94-B5A5C64297A0}.Release|x86.ActiveCfg = Release|Any CPU
		{4D13350E-E814-4BC1-8D94-B5A5C64297A0}.Release|x86.Build.0 = Release|Any CPU
	EndGlobalSection
	GlobalSection(SolutionProperties) = preSolution
		HideSolutionNode = FALSE
	EndGlobalSection
	GlobalSection(NestedProjects) = preSolution
		{D273EBB9-9A3B-42BC-8AE0-8B6C8CB72FDD} = {1C43B270-9F67-4882-992A-FB5E29B73B87}
		{76FB25C5-15B1-4541-8D19-D78790257C95} = {7A2E3D31-4968-4361-A50D-C3A5E20CED6E}
		{2B441075-C454-48B4-915F-634793FEF8FC} = {1C43B270-9F67-4882-992A-FB5E29B73B87}
		{9F939421-7D71-4C61-A5A8-DB5AE449125D} = {8CEC11A5-B7B7-4BED-8D88-F113695F9449}
	EndGlobalSection
EndGlobal
